
Microsoft Visual Studio Solution File, Format Version 12.00
# Visual Studio Version 17
VisualStudioVersion = 17.13.35828.75 d17.13
MinimumVisualStudioVersion = 10.0.40219.1
Project("{FAE04EC0-301F-11D3-BF4B-00C04F79EFBC}") = "KeyCloakAsService", "KeyCloakAsService\KeyCloakAsService.csproj", "{02D19AF4-4968-4A88-B3EB-1DADA76B73F7}"
EndProject
Global
	GlobalSection(SolutionConfigurationPlatforms) = preSolution
		Debug|Any CPU = Debug|Any CPU
		Release|Any CPU = Release|Any CPU
	EndGlobalSection
	GlobalSection(ProjectConfigurationPlatforms) = postSolution
		{02D19AF4-4968-4A88-B3EB-1DADA76B73F7}.Debug|Any CPU.ActiveCfg = Debug|Any CPU
		{02D19AF4-4968-4A88-B3EB-1DADA76B73F7}.Debug|Any CPU.Build.0 = Debug|Any CPU
		{02D19AF4-4968-4A88-B3EB-1DADA76B73F7}.Release|Any CPU.ActiveCfg = Release|Any CPU
		{02D19AF4-4968-4A88-B3EB-1DADA76B73F7}.Release|Any CPU.Build.0 = Release|Any CPU
	EndGlobalSection
	GlobalSection(SolutionProperties) = preSolution
		HideSolutionNode = FALSE
	EndGlobalSection
	GlobalSection(ExtensibilityGlobals) = postSolution
		SolutionGuid = {BDCE5E95-92B0-45A4-8C10-F4B6294D97B0}
	EndGlobalSection
EndGlobal
